{
  "name": "nativescript-coachmarks",
  "version": "2.0.0",
  "lockfileVersion": 1,
  "requires": true,
  "dependencies": {
    "tns-core-modules": {
      "version": "3.1.1",
      "resolved": "https://registry.npmjs.org/tns-core-modules/-/tns-core-modules-3.1.1.tgz",
      "integrity": "sha1-ezicQt1sENstGt+8bJEDFwPlDdU=",
      "dev": true,
      "requires": {
        "tns-core-modules-widgets": "3.1.1"
      }
    },
    "tns-core-modules-widgets": {
      "version": "3.1.1",
      "resolved": "https://registry.npmjs.org/tns-core-modules-widgets/-/tns-core-modules-widgets-3.1.1.tgz",
      "integrity": "sha1-M2691nlV6Im5GNsuzyRy/rVwh+A=",
      "dev": true
    },
    "tns-platform-declarations": {
      "version": "3.1.1",
      "resolved": "https://registry.npmjs.org/tns-platform-declarations/-/tns-platform-declarations-3.1.1.tgz",
      "integrity": "sha1-ES3HusScnYe//OIEIiN1u1Jyfo8=",
      "dev": true
    },
    "typescript": {
      "version": "2.3.4",
      "resolved": "https://registry.npmjs.org/typescript/-/typescript-2.3.4.tgz",
      "integrity": "sha1-PTgyGCgjHkNPKHUUlZw3qCtin0I=",
      "dev": true
    }
  }
}
